
Microsoft Visual Studio Solution File, Format Version 12.00
# Visual Studio Version 17
VisualStudioVersion = 17.3.32922.545
MinimumVisualStudioVersion = 10.0.40219.1
Project("{FAE04EC0-301F-11D3-BF4B-00C04F79EFBC}") = "WpfApp1", "WpfApp1\WpfApp1.csproj", "{4F3532CB-E6FA-4976-B622-0C770D50B89B}"
EndProject
Global
	GlobalSection(SolutionConfigurationPlatforms) = preSolution
		Debug|Any CPU = Debug|Any CPU
		Release|Any CPU = Release|Any CPU
	EndGlobalSection
	GlobalSection(ProjectConfigurationPlatforms) = postSolution
		{4F3532CB-E6FA-4976-B622-0C770D50B89B}.Debug|Any CPU.ActiveCfg = Debug|Any CPU
		{4F3532CB-E6FA-4976-B622-0C770D50B89B}.Debug|Any CPU.Build.0 = Debug|Any CPU
		{4F3532CB-E6FA-4976-B622-0C770D50B89B}.Release|Any CPU.ActiveCfg = Release|Any CPU
		{4F3532CB-E6FA-4976-B622-0C770D50B89B}.Release|Any CPU.Build.0 = Release|Any CPU
	EndGlobalSection
	GlobalSection(SolutionProperties) = preSolution
		HideSolutionNode = FALSE
	EndGlobalSection
	GlobalSection(ExtensibilityGlobals) = postSolution
		SolutionGuid = {B519400B-B3DF-461F-B8B0-6EFFBBF2F4EA}
	EndGlobalSection
EndGlobal
